{
  "name": "example",
  "lockfileVersion": 2,
  "requires": true,
  "packages": {
    "": {
      "license": "MIT",
      "devDependencies": {
        "twig-html": "^1.0.1"
      }
    },
    "node_modules/twig-html": {
      "version": "1.0.1",
      "resolved": "https://registry.npmjs.org/twig-html/-/twig-html-1.0.1.tgz",
      "integrity": "sha512-2dXqwNu81mYOniyIu8DGOUTHbA8MqvdaR73VCeh6M8Y0IazLBO+xQVbHmNEhkBXQaVhYS4y4eTmTcqIOI7Y78A==",
      "dev": true,
      "bin": {
        "twig": "index.js"
      }
    }
  },
  "dependencies": {
    "twig-html": {
      "version": "1.0.1",
      "resolved": "https://registry.npmjs.org/twig-html/-/twig-html-1.0.1.tgz",
      "integrity": "sha512-2dXqwNu81mYOniyIu8DGOUTHbA8MqvdaR73VCeh6M8Y0IazLBO+xQVbHmNEhkBXQaVhYS4y4eTmTcqIOI7Y78A==",
      "dev": true
    }
  }
}
